<Solution>
  <Project Path="Unity.Timeline.csproj" />
  <Project Path="Meta.Voice.NLayer.csproj" />
  <Project Path="UnityEngine.Advertisements.Editor.csproj" />
  <Project Path="Meta.XR.MultiplayerBlocks.Shared.csproj" />
  <Project Path="Unity.PlasticSCM.Editor.csproj" />
  <Project Path="Unity.Services.Core.Internal.csproj" />
  <Project Path="Meta.WitAi.Lib.csproj" />
  <Project Path="Meta.XR.BuildingBlocks.csproj" />
  <Project Path="Meta.WitAi.csproj" />
  <Project Path="Unity.Timeline.Editor.csproj" />
  <Project Path="Unity.Multiplayer.Center.Editor.csproj" />
  <Project Path="Meta.XR.BuildingBlocks.Editor.csproj" />
  <Project Path="Meta.Voice.VSDKHub.Editor.csproj" />
  <Project Path="UnityEngine.Advertisements.csproj" />
  <Project Path="UnityEngine.UI.csproj" />
  <Project Path="UnityEngine.Purchasing.Stores.csproj" />
  <Project Path="Oculus.Platform.csproj" />
  <Project Path="Meta.WitAI.Lib.Editor.csproj" />
  <Project Path="UnityEngine.TestRunner.csproj" />
  <Project Path="Oculus.VR.csproj" />
  <Project Path="VoiceSDK.Editor.csproj" />
  <Project Path="Oculus.Interaction.csproj" />
  <Project Path="Unity.2D.Tilemap.Editor.csproj" />
  <Project Path="Unity.Services.Core.Environments.Editor.csproj" />
  <Project Path="Oculus.VR.Editor.csproj" />
  <Project Path="Oculus.VR.Scripts.Editor.csproj" />
  <Project Path="Unity.Services.Analytics.csproj" />
  <Project Path="Unity.VisualStudio.Editor.csproj" />
  <Project Path="meta.xr.mrutilitykit.editor.csproj" />
  <Project Path="Meta.XR.ImmersiveDebugger.csproj" />
  <Project Path="Meta.WitAi.Editor.csproj" />
  <Project Path="VoiceSDK.Telemetry.csproj" />
  <Project Path="UniTask.csproj" />
  <Project Path="meta.xr.mrutilitykit.csproj" />
  <Project Path="Oculus.Interaction.Samples.csproj" />
  <Project Path="Meta.WitAi.TTS.csproj" />
  <Project Path="UnityEditor.TestRunner.csproj" />
  <Project Path="Meta.Wit.Composer.csproj" />
  <Project Path="Oculus.Interaction.Editor.csproj" />
  <Project Path="Oculus.Interaction.OVR.csproj" />
  <Project Path="Unity.AI.Navigation.Editor.ConversionSystem.csproj" />
  <Project Path="UnityEngine.Purchasing.csproj" />
  <Project Path="Unity.Services.Core.Editor.csproj" />
  <Project Path="Meta.XR.BuildingBlocks.AIBlocks.csproj" />
  <Project Path="Unity.Services.Core.csproj" />
  <Project Path="Assembly-CSharp.csproj" />
  <Project Path="Unity.TextMeshPro.csproj" />
  <Project Path="UniTask.Linq.csproj" />
  <Project Path="VoiceSDK.Runtime.csproj" />
  <Project Path="VoiceSDK.Telemetry.Runtime.csproj" />
  <Project Path="UnityEditor.Purchasing.csproj" />
  <Project Path="Unity.TextMeshPro.Editor.csproj" />
  <Project Path="AssistantCoreSDKRuntime.csproj" />
  <Project Path="Meta.XR.Audio.Editor.csproj" />
  <Project Path="Oculus.Interaction.OVR.Editor.csproj" />
  <Project Path="Unity.Services.Analytics.Editor.csproj" />
  <Project Path="AssistantVoiceCommandCommon.csproj" />
  <Project Path="Meta.XR.Editor.Tags.csproj" />
  <Project Path="Unity.Rider.Editor.csproj" />
  <Project Path="Meta.XR.Editor.TelemetryUI.csproj" />
  <Project Path="UnityEngine.Purchasing.AppleMacosStub.csproj" />
  <Project Path="Meta.XR.Editor.UserInterface.csproj" />
  <Project Path="Meta.XR.MultiplayerBlocks.Fusion.Editor.csproj" />
  <Project Path="Unity.AI.Navigation.Updater.csproj" />
  <Project Path="Meta.XR.Editor.BuildingBlocks.AIBlocks.csproj" />
  <Project Path="UnityEngine.Purchasing.Codeless.csproj" />
  <Project Path="Meta.XR.Editor.ToolingSupport.csproj" />
  <Project Path="Oculus.Interaction.OVR.Samples.csproj" />
  <Project Path="UnityEditor.UI.csproj" />
  <Project Path="VoiceSDK.Dictation.Runtime.csproj" />
  <Project Path="Meta.XR.Editor.PlayCompanion.csproj" />
  <Project Path="Meta.XR.Editor.Reflection.csproj" />
  <Project Path="Unity.Analytics.DataPrivacy.csproj" />
  <Project Path="Meta.XR.BuildingBlocks.DepthAPI.Editor.csproj" />
  <Project Path="Unity.2D.Sprite.Editor.csproj" />
  <Project Path="Meta.XR.ImmersiveDebugger.Editor.csproj" />
  <Project Path="Unity.AI.Navigation.Editor.csproj" />
  <Project Path="UnityEngine.Advertisements.DevX.Editor.csproj" />
  <Project Path="Meta.Wit.Composer.Editor.csproj" />
  <Project Path="Unity.Services.Core.Configuration.Editor.csproj" />
  <Project Path="Unity.Services.Core.Configuration.csproj" />
  <Project Path="Unity.Multiplayer.Center.Common.csproj" />
  <Project Path="Meta.XR.Editor.Notifications.csproj" />
  <Project Path="Meta.XR.Audio.csproj" />
  <Project Path="Unity.Services.Core.Environments.Internal.csproj" />
  <Project Path="MetaXRSimulatorCore.Editor.csproj" />
  <Project Path="Meta.XR.MultiplayerBlocks.Shared.Editor.csproj" />
  <Project Path="Meta.XR.Editor.RemoteContent.csproj" />
  <Project Path="Unity.Services.Core.Scheduler.csproj" />
  <Project Path="Unity.AI.Navigation.csproj" />
  <Project Path="UnityEngine.Purchasing.SecurityCore.csproj" />
  <Project Path="Unity.Services.Core.Telemetry.csproj" />
  <Project Path="Meta.XR.MetaWand.Editor.csproj" />
  <Project Path="VoiceSDK.Dictation.Editor.csproj" />
  <Project Path="Unity.Services.Core.Components.csproj" />
  <Project Path="Meta.XR.Editor.Guide.About.csproj" />
  <Project Path="Meta.XR.MultiplayerBlocks.NGO.Editor.csproj" />
  <Project Path="Meta.Wit.Dictation.csproj" />
  <Project Path="UnityEditor.UI.Analytics.csproj" />
  <Project Path="Meta.XR.EnvironmentDepth.csproj" />
  <Project Path="Purchasing.Common.csproj" />
  <Project Path="Meta.VoiceSDK.Mic.WebGL.csproj" />
  <Project Path="UniTask.TextMeshPro.csproj" />
  <Project Path="Meta.XR.Editor.Settings.csproj" />
  <Project Path="Meta.Voice.Hub.Editor.csproj" />
  <Project Path="Oculus.Haptics.Editor.csproj" />
  <Project Path="Unity.Services.Core.Threading.csproj" />
  <Project Path="Meta.VoiceSDK.Mic.Common.csproj" />
  <Project Path="Meta.XR.Editor.Id.csproj" />
  <Project Path="AssistantCoreSDKEditor.csproj" />
  <Project Path="VoiceSDK.Editor.Composer.csproj" />
  <Project Path="UnityEditor.XR.LegacyInputHelpers.csproj" />
  <Project Path="Meta.XR.BuildingBlocks.DepthAPI.csproj" />
  <Project Path="OpenAI.Runtime.csproj" />
  <Project Path="Meta.WitAi.TTS.Editor.csproj" />
  <Project Path="Oculus.Platform.Editor.csproj" />
  <Project Path="Meta.XR.EnvironmentDepth.Editor.csproj" />
  <Project Path="Unity.Services.Core.Device.csproj" />
  <Project Path="Oculus.Interaction.Samples.Editor.UISet.csproj" />
  <Project Path="Unity.Services.Core.Analytics.csproj" />
  <Project Path="Oculus.Haptics.csproj" />
  <Project Path="UnityEngine.Purchasing.AppleStub.csproj" />
  <Project Path="UnityEngine.Purchasing.AppleCore.csproj" />
  <Project Path="Meta.XR.Guides.Editor.csproj" />
  <Project Path="Meta.VoiceSDK.Mic.Other.csproj" />
  <Project Path="UnityEngine.Purchasing.SecurityStub.csproj" />
  <Project Path="Meta.Voice.Hub.Runtime.csproj" />
  <Project Path="Meta.XR.ImmersiveDebugger.Interface.csproj" />
  <Project Path="Meta.XR.Editor.UPST.Notifications.csproj" />
  <Project Path="Unity.CollabProxy.Editor.csproj" />
  <Project Path="Oculus.Interaction.Samples.Editor.csproj" />
  <Project Path="IAPResolver.csproj" />
  <Project Path="UnityEngine.Purchasing.WinRTStub.csproj" />
  <Project Path="UniTask.Editor.csproj" />
  <Project Path="Meta.XR.Editor.Callbacks.csproj" />
  <Project Path="Meta.Wit.Dictation.Editor.csproj" />
  <Project Path="UnityEngine.SpatialTracking.csproj" />
  <Project Path="Unity.Services.Core.Registration.csproj" />
  <Project Path="UnityEngine.Purchasing.WinRTCore.csproj" />
  <Project Path="UnityEngine.XR.LegacyInputHelpers.csproj" />
  <Project Path="Unity.InternalAPIEngineBridge.004.csproj" />
  <Project Path="Meta.XR.Editor.StatusMenu.csproj" />
  <Project Path="Unity.2D.Sprite.AIIntegration.Editor.csproj" />
  <Project Path="Meta.XR.Editor.EditorCoroutine.csproj" />
  <Project Path="Unity.Services.Core.Networking.csproj" />
  <Project Path="Meta.Net.endel.nativewebsocket.csproj" />
  <Project Path="Meta.Voice.Opus.csproj" />
  <Project Path="Unity.PlasticSCM.Editor.Entities.csproj" />
  <Project Path="Analytics.csproj" />
  <Project Path="Oculus.Interaction.InterfaceSupport.csproj" />
  <Project Path="UnityEditor.SpatialTracking.csproj" />
  <Project Path="UniTask.Addressables.csproj" />
  <Project Path="AssistantVoiceCommandCommon.Editor.csproj" />
  <Project Path="Unity.Services.Core.Environments.csproj" />
  <Project Path="OpenAI.Editor.csproj" />
  <Project Path="VoiceSDK.Runtime.Composer.csproj" />
  <Project Path="UniTask.DOTween.csproj" />
</Solution>
